<?xml version="1.0" encoding="utf-8"?>
<Project ToolsVersion="4.0" xmlns="http://schemas.microsoft.com/developer/msbuild/2003">
  <ItemGroup>
    <Filter Include="Network">
      <UniqueIdentifier>{bc5ebd2b-106f-438e-bd9a-5a44ca8b4a74}</UniqueIdentifier>
    </Filter>
    <Filter Include="Util">
      <UniqueIdentifier>{b985a869-155f-48e9-8f48-46665709906e}</UniqueIdentifier>
    </Filter>
    <Filter Include="Network\Socket">
      <UniqueIdentifier>{fb8ed96e-d4cc-42c7-956e-10d0731e8831}</UniqueIdentifier>
    </Filter>
    <Filter Include="Network\Socket\IOCPSocket">
      <UniqueIdentifier>{d084eecb-0294-4324-a89d-3cdbd80de3cc}</UniqueIdentifier>
    </Filter>
    <Filter Include="System">
      <UniqueIdentifier>{29dedd6b-0bf0-43e1-a3e8-b33038d6d59f}</UniqueIdentifier>
    </Filter>
    <Filter Include="Network\Socket\RIO">
      <UniqueIdentifier>{2dbac9df-77af-484c-bade-98768bce4a65}</UniqueIdentifier>
    </Filter>
    <Filter Include="Packet">
      <UniqueIdentifier>{de5c5c2a-570c-406f-8e66-fbc26ec928d4}</UniqueIdentifier>
    </Filter>
  </ItemGroup>
  <ItemGroup>
    <ClInclude Include="Socket\IOCPSocket\IOCPSock.h">
      <Filter>Network\Socket\IOCPSocket</Filter>
    </ClInclude>
    <ClInclude Include="Socket\IOCPSocket\IOCPClient.h">
      <Filter>Network\Socket\IOCPSocket</Filter>
    </ClInclude>
    <ClInclude Include="Socket\IOCPSocket\IOCPData.h">
      <Filter>Network\Socket\IOCPSocket</Filter>
    </ClInclude>
    <ClInclude Include="Socket\IOCPSocket\IOCPServer.h">
      <Filter>Network\Socket\IOCPSocket</Filter>
    </ClInclude>
    <ClInclude Include="Socket\IOCPSocket\IOCPSession.h">
      <Filter>Network\Socket\IOCPSocket</Filter>
    </ClInclude>
    <ClInclude Include="Socket\Session.h">
      <Filter>Network\Socket</Filter>
    </ClInclude>
    <ClInclude Include="Socket\SessionManager.h">
      <Filter>Network\Socket</Filter>
    </ClInclude>
    <ClInclude Include="Socket\SocketCommon.h">
      <Filter>Network\Socket</Filter>
    </ClInclude>
    <ClInclude Include="Util\SingleTon.h">
      <Filter>Util</Filter>
    </ClInclude>
    <ClInclude Include="Util\Common.h">
      <Filter>Util</Filter>
    </ClInclude>
    <ClInclude Include="System\Buffer.h">
      <Filter>System</Filter>
    </ClInclude>
    <ClInclude Include="System\LogData.h">
      <Filter>System</Filter>
    </ClInclude>
    <ClInclude Include="System\LogSystem.h">
      <Filter>System</Filter>
    </ClInclude>
    <ClInclude Include="System\Log.h">
      <Filter>System</Filter>
    </ClInclude>
    <ClInclude Include="Util\MutexQueue.h">
      <Filter>Util</Filter>
    </ClInclude>
    <ClInclude Include="Util\Clock.h">
      <Filter>Util</Filter>
    </ClInclude>
    <ClInclude Include="System\CircularBuffer.h">
      <Filter>System</Filter>
    </ClInclude>
    <ClInclude Include="Socket\RIOSocket\RIOServer.h">
      <Filter>Network\Socket\RIO</Filter>
    </ClInclude>
    <ClInclude Include="Socket\RIOSocket\RIOSock.h">
      <Filter>Network\Socket\RIO</Filter>
    </ClInclude>
    <ClInclude Include="Socket\RIOSocket\RIOContext.h">
      <Filter>Network\Socket\RIO</Filter>
    </ClInclude>
    <ClInclude Include="System\SpinLock.h">
      <Filter>System</Filter>
    </ClInclude>
    <ClInclude Include="Socket\RIOSocket\RIOSession.h">
      <Filter>Network\Socket\RIO</Filter>
    </ClInclude>
    <ClInclude Include="Socket\RIOSocket\RIOSessionManager.h">
      <Filter>Network\Socket\RIO</Filter>
    </ClInclude>
    <ClInclude Include="System\RingBuffer.h">
      <Filter>System</Filter>
    </ClInclude>
    <ClInclude Include="System\Stream.h">
      <Filter>System</Filter>
    </ClInclude>
    <ClInclude Include="Packet\PacketAnalyzer.h">
      <Filter>Packet</Filter>
    </ClInclude>
    <ClInclude Include="Packet\Packet.h">
      <Filter>Packet</Filter>
    </ClInclude>
    <ClInclude Include="Packet\PacketFactory.h">
      <Filter>Packet</Filter>
    </ClInclude>
    <ClInclude Include="Packet\PacketID.h">
      <Filter>Packet</Filter>
    </ClInclude>
    <ClInclude Include="System\BufferPool.h">
      <Filter>System</Filter>
    </ClInclude>
    <ClInclude Include="System\BufferQueue.h">
      <Filter>System</Filter>
    </ClInclude>
    <ClInclude Include="System\safe_queue.h">
      <Filter>System</Filter>
    </ClInclude>
    <ClInclude Include="safe_list.h" />
  </ItemGroup>
  <ItemGroup>
    <ClCompile Include="Socket\Session.cpp">
      <Filter>Network\Socket</Filter>
    </ClCompile>
    <ClCompile Include="Socket\IOCPSocket\IOCPSock.cpp">
      <Filter>Network\Socket\IOCPSocket</Filter>
    </ClCompile>
    <ClCompile Include="Socket\IOCPSocket\IOCPClient.cpp">
      <Filter>Network\Socket\IOCPSocket</Filter>
    </ClCompile>
    <ClCompile Include="Socket\IOCPSocket\IOCPData.cpp">
      <Filter>Network\Socket\IOCPSocket</Filter>
    </ClCompile>
    <ClCompile Include="Socket\IOCPSocket\IOCPServer.cpp">
      <Filter>Network\Socket\IOCPSocket</Filter>
    </ClCompile>
    <ClCompile Include="Socket\IOCPSocket\IOCPSession.cpp">
      <Filter>Network\Socket\IOCPSocket</Filter>
    </ClCompile>
    <ClCompile Include="Socket\SessionManager.cpp">
      <Filter>Network\Socket</Filter>
    </ClCompile>
    <ClCompile Include="Util\OnionUtil.cpp">
      <Filter>Util</Filter>
    </ClCompile>
    <ClCompile Include="Util\SingleTon.cpp">
      <Filter>Util</Filter>
    </ClCompile>
    <ClCompile Include="System\Buffer.cpp">
      <Filter>System</Filter>
    </ClCompile>
    <ClCompile Include="System\LogData.cpp">
      <Filter>System</Filter>
    </ClCompile>
    <ClCompile Include="System\LogSystem.cpp">
      <Filter>System</Filter>
    </ClCompile>
    <ClCompile Include="Util\Clock.cpp">
      <Filter>Util</Filter>
    </ClCompile>
    <ClCompile Include="System\CircularBuffer.cpp">
      <Filter>System</Filter>
    </ClCompile>
    <ClCompile Include="Socket\RIOSocket\RIOServer.cpp">
      <Filter>Network\Socket\RIO</Filter>
    </ClCompile>
    <ClCompile Include="Socket\RIOSocket\RIOSock.cpp">
      <Filter>Network\Socket\RIO</Filter>
    </ClCompile>
    <ClCompile Include="Socket\RIOSocket\RIOContext.cpp">
      <Filter>Network\Socket\RIO</Filter>
    </ClCompile>
    <ClCompile Include="Socket\RIOSocket\RIOSession.cpp">
      <Filter>Network\Socket\RIO</Filter>
    </ClCompile>
    <ClCompile Include="Socket\RIOSocket\RIOSessionManager.cpp">
      <Filter>Network\Socket\RIO</Filter>
    </ClCompile>
    <ClCompile Include="System\RingBuffer.cpp">
      <Filter>System</Filter>
    </ClCompile>
    <ClCompile Include="Packet\PacketAnalyzer.cpp">
      <Filter>Packet</Filter>
    </ClCompile>
    <ClCompile Include="System\BufferPool.cpp">
      <Filter>System</Filter>
    </ClCompile>
    <ClCompile Include="safe_list.cpp" />
  </ItemGroup>
</Project>